
Microsoft Visual Studio Solution File, Format Version 12.00
# Visual Studio Version 16
VisualStudioVersion = 16.0.31410.357
MinimumVisualStudioVersion = 10.0.40219.1
Project("{FAE04EC0-301F-11D3-BF4B-00C04F79EFBC}") = "Mini Librery.Entities", "Mini Librery.Entities\Mini Librery.Entities.csproj", "{0905485B-C5A1-4EEC-B0BA-3442A89B7464}"
EndProject
Project("{FAE04EC0-301F-11D3-BF4B-00C04F79EFBC}") = "Mini Librery.Logic", "Mini Librery.Logic\Mini Librery.Logic.csproj", "{8CA318E2-CF31-4C17-9503-D3D5B0202FF4}"
EndProject
Project("{FAE04EC0-301F-11D3-BF4B-00C04F79EFBC}") = "Mini Librery.UI", "Mini Librery.UI\Mini Librery.UI.csproj", "{5E9DDEC3-36AB-4276-A34B-374C3AB6CF99}"
EndProject
Global
	GlobalSection(SolutionConfigurationPlatforms) = preSolution
		Debug|Any CPU = Debug|Any CPU
		Release|Any CPU = Release|Any CPU
	EndGlobalSection
	GlobalSection(ProjectConfigurationPlatforms) = postSolution
		{0905485B-C5A1-4EEC-B0BA-3442A89B7464}.Debug|Any CPU.ActiveCfg = Debug|Any CPU
		{0905485B-C5A1-4EEC-B0BA-3442A89B7464}.Debug|Any CPU.Build.0 = Debug|Any CPU
		{0905485B-C5A1-4EEC-B0BA-3442A89B7464}.Release|Any CPU.ActiveCfg = Release|Any CPU
		{0905485B-C5A1-4EEC-B0BA-3442A89B7464}.Release|Any CPU.Build.0 = Release|Any CPU
		{8CA318E2-CF31-4C17-9503-D3D5B0202FF4}.Debug|Any CPU.ActiveCfg = Debug|Any CPU
		{8CA318E2-CF31-4C17-9503-D3D5B0202FF4}.Debug|Any CPU.Build.0 = Debug|Any CPU
		{8CA318E2-CF31-4C17-9503-D3D5B0202FF4}.Release|Any CPU.ActiveCfg = Release|Any CPU
		{8CA318E2-CF31-4C17-9503-D3D5B0202FF4}.Release|Any CPU.Build.0 = Release|Any CPU
		{5E9DDEC3-36AB-4276-A34B-374C3AB6CF99}.Debug|Any CPU.ActiveCfg = Debug|Any CPU
		{5E9DDEC3-36AB-4276-A34B-374C3AB6CF99}.Debug|Any CPU.Build.0 = Debug|Any CPU
		{5E9DDEC3-36AB-4276-A34B-374C3AB6CF99}.Release|Any CPU.ActiveCfg = Release|Any CPU
		{5E9DDEC3-36AB-4276-A34B-374C3AB6CF99}.Release|Any CPU.Build.0 = Release|Any CPU
	EndGlobalSection
	GlobalSection(SolutionProperties) = preSolution
		HideSolutionNode = FALSE
	EndGlobalSection
	GlobalSection(ExtensibilityGlobals) = postSolution
		SolutionGuid = {FC305101-4AA1-429A-B22A-D577C3A8A064}
	EndGlobalSection
EndGlobal
